// !$*UTF8*$!
{
	archiveVersion = 1;
	classes = {
	};
	objectVersion = 56;
	objects = {

/* Begin PBXBuildFile section */
		1E40D0CF2ABDC1DE00A266FC /* Recherche_d_adresseApp.swift in Sources */ = {isa = PBXBuildFile; fileRef = 1E40D0CE2ABDC1DE00A266FC /* Recherche_d_adresseApp.swift */; };
		1E40D0D32ABDC1E000A266FC /* Assets.xcassets in Resources */ = {isa = PBXBuildFile; fileRef = 1E40D0D22ABDC1E000A266FC /* Assets.xcassets */; };
		1E40D0D62ABDC1E000A266FC /* Preview Assets.xcassets in Resources */ = {isa = PBXBuildFile; fileRef = 1E40D0D52ABDC1E000A266FC /* Preview Assets.xcassets */; };
		1E4BF1F02ABDC4E1000AB652 /* AddressSearchView.swift in Sources */ = {isa = PBXBuildFile; fileRef = 1E4BF1EF2ABDC4E1000AB652 /* AddressSearchView.swift */; };
		1E4BF1F22ABDC4EB000AB652 /* AddressSearchViewModel.swift in Sources */ = {isa = PBXBuildFile; fileRef = 1E4BF1F12ABDC4EB000AB652 /* AddressSearchViewModel.swift */; };
		1E4BF1F52ABDC536000AB652 /* ManagerAPI.swift in Sources */ = {isa = PBXBuildFile; fileRef = 1E4BF1F42ABDC536000AB652 /* ManagerAPI.swift */; };
		1E4BF1F72ABDC6EF000AB652 /* BaseAPI.swift in Sources */ = {isa = PBXBuildFile; fileRef = 1E4BF1F62ABDC6EF000AB652 /* BaseAPI.swift */; };
		1E4BF1FA2ABDC748000AB652 /* AppConstants.swift in Sources */ = {isa = PBXBuildFile; fileRef = 1E4BF1F92ABDC748000AB652 /* AppConstants.swift */; };
		1E4BF1FD2ABDC7E0000AB652 /* AddressAPI.swift in Sources */ = {isa = PBXBuildFile; fileRef = 1E4BF1FC2ABDC7E0000AB652 /* AddressAPI.swift */; };
		1E4BF2002ABDC827000AB652 /* AddressSearchResponse.swift in Sources */ = {isa = PBXBuildFile; fileRef = 1E4BF1FF2ABDC827000AB652 /* AddressSearchResponse.swift */; };
		1E4BF2032ABDCFC7000AB652 /* AddressFeature.swift in Sources */ = {isa = PBXBuildFile; fileRef = 1E4BF2022ABDCFC7000AB652 /* AddressFeature.swift */; };
		1E4BF2052ABDCFCD000AB652 /* AddressGeometry.swift in Sources */ = {isa = PBXBuildFile; fileRef = 1E4BF2042ABDCFCD000AB652 /* AddressGeometry.swift */; };
		1E4BF2072ABDCFD3000AB652 /* AddressProperty.swift in Sources */ = {isa = PBXBuildFile; fileRef = 1E4BF2062ABDCFD3000AB652 /* AddressProperty.swift */; };
		1E5B56132ABDDBD5007D6BDB /* AddressDetailsView.swift in Sources */ = {isa = PBXBuildFile; fileRef = 1E5B56122ABDDBD5007D6BDB /* AddressDetailsView.swift */; };
/* End PBXBuildFile section */

/* Begin PBXFileReference section */
		1E40D0CB2ABDC1DE00A266FC /* Recherche-d-adresse.app */ = {isa = PBXFileReference; explicitFileType = wrapper.application; includeInIndex = 0; path = "Recherche-d-adresse.app"; sourceTree = BUILT_PRODUCTS_DIR; };
		1E40D0CE2ABDC1DE00A266FC /* Recherche_d_adresseApp.swift */ = {isa = PBXFileReference; lastKnownFileType = sourcecode.swift; path = Recherche_d_adresseApp.swift; sourceTree = "<group>"; };
		1E40D0D22ABDC1E000A266FC /* Assets.xcassets */ = {isa = PBXFileReference; lastKnownFileType = folder.assetcatalog; path = Assets.xcassets; sourceTree = "<group>"; };
		1E40D0D52ABDC1E000A266FC /* Preview Assets.xcassets */ = {isa = PBXFileReference; lastKnownFileType = folder.assetcatalog; path = "Preview Assets.xcassets"; sourceTree = "<group>"; };
		1E4BF1EF2ABDC4E1000AB652 /* AddressSearchView.swift */ = {isa = PBXFileReference; lastKnownFileType = sourcecode.swift; path = AddressSearchView.swift; sourceTree = "<group>"; };
		1E4BF1F12ABDC4EB000AB652 /* AddressSearchViewModel.swift */ = {isa = PBXFileReference; lastKnownFileType = sourcecode.swift; path = AddressSearchViewModel.swift; sourceTree = "<group>"; };
		1E4BF1F42ABDC536000AB652 /* ManagerAPI.swift */ = {isa = PBXFileReference; lastKnownFileType = sourcecode.swift; path = ManagerAPI.swift; sourceTree = "<group>"; };
		1E4BF1F62ABDC6EF000AB652 /* BaseAPI.swift */ = {isa = PBXFileReference; lastKnownFileType = sourcecode.swift; path = BaseAPI.swift; sourceTree = "<group>"; };
		1E4BF1F92ABDC748000AB652 /* AppConstants.swift */ = {isa = PBXFileReference; lastKnownFileType = sourcecode.swift; path = AppConstants.swift; sourceTree = "<group>"; };
		1E4BF1FB2ABDC76C000AB652 /* Info.plist */ = {isa = PBXFileReference; lastKnownFileType = text.plist; path = Info.plist; sourceTree = "<group>"; };
		1E4BF1FC2ABDC7E0000AB652 /* AddressAPI.swift */ = {isa = PBXFileReference; lastKnownFileType = sourcecode.swift; path = AddressAPI.swift; sourceTree = "<group>"; };
		1E4BF1FF2ABDC827000AB652 /* AddressSearchResponse.swift */ = {isa = PBXFileReference; lastKnownFileType = sourcecode.swift; path = AddressSearchResponse.swift; sourceTree = "<group>"; };
		1E4BF2022ABDCFC7000AB652 /* AddressFeature.swift */ = {isa = PBXFileReference; lastKnownFileType = sourcecode.swift; path = AddressFeature.swift; sourceTree = "<group>"; };
		1E4BF2042ABDCFCD000AB652 /* AddressGeometry.swift */ = {isa = PBXFileReference; lastKnownFileType = sourcecode.swift; path = AddressGeometry.swift; sourceTree = "<group>"; };
		1E4BF2062ABDCFD3000AB652 /* AddressProperty.swift */ = {isa = PBXFileReference; lastKnownFileType = sourcecode.swift; path = AddressProperty.swift; sourceTree = "<group>"; };
		1E5B56122ABDDBD5007D6BDB /* AddressDetailsView.swift */ = {isa = PBXFileReference; lastKnownFileType = sourcecode.swift; path = AddressDetailsView.swift; sourceTree = "<group>"; };
/* End PBXFileReference section */

/* Begin PBXFrameworksBuildPhase section */
		1E40D0C82ABDC1DE00A266FC /* Frameworks */ = {
			isa = PBXFrameworksBuildPhase;
			buildActionMask = 2147483647;
			files = (
			);
			runOnlyForDeploymentPostprocessing = 0;
		};
/* End PBXFrameworksBuildPhase section */

/* Begin PBXGroup section */
		1E40D0C22ABDC1DE00A266FC = {
			isa = PBXGroup;
			children = (
				1E40D0CD2ABDC1DE00A266FC /* Recherche-d-adresse */,
				1E40D0CC2ABDC1DE00A266FC /* Products */,
			);
			sourceTree = "<group>";
		};
		1E40D0CC2ABDC1DE00A266FC /* Products */ = {
			isa = PBXGroup;
			children = (
				1E40D0CB2ABDC1DE00A266FC /* Recherche-d-adresse.app */,
			);
			name = Products;
			sourceTree = "<group>";
		};
		1E40D0CD2ABDC1DE00A266FC /* Recherche-d-adresse */ = {
			isa = PBXGroup;
			children = (
				1E4BF1FB2ABDC76C000AB652 /* Info.plist */,
				1E40D0CE2ABDC1DE00A266FC /* Recherche_d_adresseApp.swift */,
				1E4BF1F82ABDC73F000AB652 /* Constants */,
				1E4BF1EC2ABDC4C2000AB652 /* API */,
				1E4BF1FE2ABDC81A000AB652 /* Models */,
				1E4BF1ED2ABDC4CF000AB652 /* Screens */,
				1E4BF1F32ABDC50F000AB652 /* Resources */,
			);
			path = "Recherche-d-adresse";
			sourceTree = "<group>";
		};
		1E40D0D42ABDC1E000A266FC /* Preview Content */ = {
			isa = PBXGroup;
			children = (
				1E40D0D52ABDC1E000A266FC /* Preview Assets.xcassets */,
			);
			path = "Preview Content";
			sourceTree = "<group>";
		};
		1E4BF1EC2ABDC4C2000AB652 /* API */ = {
			isa = PBXGroup;
			children = (
				1E4BF1F42ABDC536000AB652 /* ManagerAPI.swift */,
				1E4BF1F62ABDC6EF000AB652 /* BaseAPI.swift */,
				1E4BF1FC2ABDC7E0000AB652 /* AddressAPI.swift */,
			);
			path = API;
			sourceTree = "<group>";
		};
		1E4BF1ED2ABDC4CF000AB652 /* Screens */ = {
			isa = PBXGroup;
			children = (
				1E5B56112ABDDBCC007D6BDB /* AddressDetails */,
				1E4BF1EE2ABDC4D6000AB652 /* AddressSearch */,
			);
			path = Screens;
			sourceTree = "<group>";
		};
		1E4BF1EE2ABDC4D6000AB652 /* AddressSearch */ = {
			isa = PBXGroup;
			children = (
				1E4BF1EF2ABDC4E1000AB652 /* AddressSearchView.swift */,
				1E4BF1F12ABDC4EB000AB652 /* AddressSearchViewModel.swift */,
			);
			path = AddressSearch;
			sourceTree = "<group>";
		};
		1E4BF1F32ABDC50F000AB652 /* Resources */ = {
			isa = PBXGroup;
			children = (
				1E40D0D22ABDC1E000A266FC /* Assets.xcassets */,
				1E40D0D42ABDC1E000A266FC /* Preview Content */,
			);
			path = Resources;
			sourceTree = "<group>";
		};
		1E4BF1F82ABDC73F000AB652 /* Constants */ = {
			isa = PBXGroup;
			children = (
				1E4BF1F92ABDC748000AB652 /* AppConstants.swift */,
			);
			path = Constants;
			sourceTree = "<group>";
		};
		1E4BF1FE2ABDC81A000AB652 /* Models */ = {
			isa = PBXGroup;
			children = (
				1E4BF1FF2ABDC827000AB652 /* AddressSearchResponse.swift */,
				1E4BF2022ABDCFC7000AB652 /* AddressFeature.swift */,
				1E4BF2042ABDCFCD000AB652 /* AddressGeometry.swift */,
				1E4BF2062ABDCFD3000AB652 /* AddressProperty.swift */,
			);
			path = Models;
			sourceTree = "<group>";
		};
		1E5B56112ABDDBCC007D6BDB /* AddressDetails */ = {
			isa = PBXGroup;
			children = (
				1E5B56122ABDDBD5007D6BDB /* AddressDetailsView.swift */,
			);
			path = AddressDetails;
			sourceTree = "<group>";
		};
/* End PBXGroup section */

/* Begin PBXNativeTarget section */
		1E40D0CA2ABDC1DE00A266FC /* Recherche-d-adresse */ = {
			isa = PBXNativeTarget;
			buildConfigurationList = 1E40D0D92ABDC1E000A266FC /* Build configuration list for PBXNativeTarget "Recherche-d-adresse" */;
			buildPhases = (
				1E40D0C72ABDC1DE00A266FC /* Sources */,
				1E40D0C82ABDC1DE00A266FC /* Frameworks */,
				1E40D0C92ABDC1DE00A266FC /* Resources */,
			);
			buildRules = (
			);
			dependencies = (
			);
			name = "Recherche-d-adresse";
			productName = "Recherche-d-adresse";
			productReference = 1E40D0CB2ABDC1DE00A266FC /* Recherche-d-adresse.app */;
			productType = "com.apple.product-type.application";
		};
/* End PBXNativeTarget section */

/* Begin PBXProject section */
		1E40D0C32ABDC1DE00A266FC /* Project object */ = {
			isa = PBXProject;
			attributes = {
				BuildIndependentTargetsInParallel = 1;
				LastSwiftUpdateCheck = 1500;
				LastUpgradeCheck = 1500;
				TargetAttributes = {
					1E40D0CA2ABDC1DE00A266FC = {
						CreatedOnToolsVersion = 15.0;
					};
				};
			};
			buildConfigurationList = 1E40D0C62ABDC1DE00A266FC /* Build configuration list for PBXProject "Recherche-d-adresse" */;
			compatibilityVersion = "Xcode 14.0";
			developmentRegion = en;
			hasScannedForEncodings = 0;
			knownRegions = (
				en,
				Base,
			);
			mainGroup = 1E40D0C22ABDC1DE00A266FC;
			productRefGroup = 1E40D0CC2ABDC1DE00A266FC /* Products */;
			projectDirPath = "";
			projectRoot = "";
			targets = (
				1E40D0CA2ABDC1DE00A266FC /* Recherche-d-adresse */,
			);
		};
/* End PBXProject section */

/* Begin PBXResourcesBuildPhase section */
		1E40D0C92ABDC1DE00A266FC /* Resources */ = {
			isa = PBXResourcesBuildPhase;
			buildActionMask = 2147483647;
			files = (
				1E40D0D62ABDC1E000A266FC /* Preview Assets.xcassets in Resources */,
				1E40D0D32ABDC1E000A266FC /* Assets.xcassets in Resources */,
			);
			runOnlyForDeploymentPostprocessing = 0;
		};
/* End PBXResourcesBuildPhase section */

/* Begin PBXSourcesBuildPhase section */
		1E40D0C72ABDC1DE00A266FC /* Sources */ = {
			isa = PBXSourcesBuildPhase;
			buildActionMask = 2147483647;
			files = (
				1E4BF1FD2ABDC7E0000AB652 /* AddressAPI.swift in Sources */,
				1E4BF2032ABDCFC7000AB652 /* AddressFeature.swift in Sources */,
				1E4BF2002ABDC827000AB652 /* AddressSearchResponse.swift in Sources */,
				1E40D0CF2ABDC1DE00A266FC /* Recherche_d_adresseApp.swift in Sources */,
				1E4BF2052ABDCFCD000AB652 /* AddressGeometry.swift in Sources */,
				1E4BF1FA2ABDC748000AB652 /* AppConstants.swift in Sources */,
				1E4BF1F02ABDC4E1000AB652 /* AddressSearchView.swift in Sources */,
				1E4BF2072ABDCFD3000AB652 /* AddressProperty.swift in Sources */,
				1E4BF1F22ABDC4EB000AB652 /* AddressSearchViewModel.swift in Sources */,
				1E4BF1F52ABDC536000AB652 /* ManagerAPI.swift in Sources */,
				1E5B56132ABDDBD5007D6BDB /* AddressDetailsView.swift in Sources */,
				1E4BF1F72ABDC6EF000AB652 /* BaseAPI.swift in Sources */,
			);
			runOnlyForDeploymentPostprocessing = 0;
		};
/* End PBXSourcesBuildPhase section */

/* Begin XCBuildConfiguration section */
		1E40D0D72ABDC1E000A266FC /* Debug */ = {
			isa = XCBuildConfiguration;
			buildSettings = {
				ALWAYS_SEARCH_USER_PATHS = NO;
				ASSETCATALOG_COMPILER_GENERATE_SWIFT_ASSET_SYMBOL_EXTENSIONS = YES;
				CLANG_ANALYZER_NONNULL = YES;
				CLANG_ANALYZER_NUMBER_OBJECT_CONVERSION = YES_AGGRESSIVE;
				CLANG_CXX_LANGUAGE_STANDARD = "gnu++20";
				CLANG_ENABLE_MODULES = YES;
				CLANG_ENABLE_OBJC_ARC = YES;
				CLANG_ENABLE_OBJC_WEAK = YES;
				CLANG_WARN_BLOCK_CAPTURE_AUTORELEASING = YES;
				CLANG_WARN_BOOL_CONVERSION = YES;
				CLANG_WARN_COMMA = YES;
				CLANG_WARN_CONSTANT_CONVERSION = YES;
				CLANG_WARN_DEPRECATED_OBJC_IMPLEMENTATIONS = YES;
				CLANG_WARN_DIRECT_OBJC_ISA_USAGE = YES_ERROR;
				CLANG_WARN_DOCUMENTATION_COMMENTS = YES;
				CLANG_WARN_EMPTY_BODY = YES;
				CLANG_WARN_ENUM_CONVERSION = YES;
				CLANG_WARN_INFINITE_RECURSION = YES;
				CLANG_WARN_INT_CONVERSION = YES;
				CLANG_WARN_NON_LITERAL_NULL_CONVERSION = YES;
				CLANG_WARN_OBJC_IMPLICIT_RETAIN_SELF = YES;
				CLANG_WARN_OBJC_LITERAL_CONVERSION = YES;
				CLANG_WARN_OBJC_ROOT_CLASS = YES_ERROR;
				CLANG_WARN_QUOTED_INCLUDE_IN_FRAMEWORK_HEADER = YES;
				CLANG_WARN_RANGE_LOOP_ANALYSIS = YES;
				CLANG_WARN_STRICT_PROTOTYPES = YES;
				CLANG_WARN_SUSPICIOUS_MOVE = YES;
				CLANG_WARN_UNGUARDED_AVAILABILITY = YES_AGGRESSIVE;
				CLANG_WARN_UNREACHABLE_CODE = YES;
				CLANG_WARN__DUPLICATE_METHOD_MATCH = YES;
				COPY_PHASE_STRIP = NO;
				DEBUG_INFORMATION_FORMAT = dwarf;
				ENABLE_STRICT_OBJC_MSGSEND = YES;
				ENABLE_TESTABILITY = YES;
				ENABLE_USER_SCRIPT_SANDBOXING = YES;
				GCC_C_LANGUAGE_STANDARD = gnu17;
				GCC_DYNAMIC_NO_PIC = NO;
				GCC_NO_COMMON_BLOCKS = YES;
				GCC_OPTIMIZATION_LEVEL = 0;
				GCC_PREPROCESSOR_DEFINITIONS = (
					"DEBUG=1",
					"$(inherited)",
				);
				GCC_WARN_64_TO_32_BIT_CONVERSION = YES;
				GCC_WARN_ABOUT_RETURN_TYPE = YES_ERROR;
				GCC_WARN_UNDECLARED_SELECTOR = YES;
				GCC_WARN_UNINITIALIZED_AUTOS = YES_AGGRESSIVE;
				GCC_WARN_UNUSED_FUNCTION = YES;
				GCC_WARN_UNUSED_VARIABLE = YES;
				IPHONEOS_DEPLOYMENT_TARGET = 16.0;
				LOCALIZATION_PREFERS_STRING_CATALOGS = YES;
				MTL_ENABLE_DEBUG_INFO = INCLUDE_SOURCE;
				MTL_FAST_MATH = YES;
				ONLY_ACTIVE_ARCH = YES;
				SDKROOT = iphoneos;
				SWIFT_ACTIVE_COMPILATION_CONDITIONS = "DEBUG $(inherited)";
				SWIFT_OPTIMIZATION_LEVEL = "-Onone";
			};
			name = Debug;
		};
		1E40D0D82ABDC1E000A266FC /* Release */ = {
			isa = XCBuildConfiguration;
			buildSettings = {
				ALWAYS_SEARCH_USER_PATHS = NO;
				ASSETCATALOG_COMPILER_GENERATE_SWIFT_ASSET_SYMBOL_EXTENSIONS = YES;
				CLANG_ANALYZER_NONNULL = YES;
				CLANG_ANALYZER_NUMBER_OBJECT_CONVERSION = YES_AGGRESSIVE;
				CLANG_CXX_LANGUAGE_STANDARD = "gnu++20";
				CLANG_ENABLE_MODULES = YES;
				CLANG_ENABLE_OBJC_ARC = YES;
				CLANG_ENABLE_OBJC_WEAK = YES;
				CLANG_WARN_BLOCK_CAPTURE_AUTORELEASING = YES;
				CLANG_WARN_BOOL_CONVERSION = YES;
				CLANG_WARN_COMMA = YES;
				CLANG_WARN_CONSTANT_CONVERSION = YES;
				CLANG_WARN_DEPRECATED_OBJC_IMPLEMENTATIONS = YES;
				CLANG_WARN_DIRECT_OBJC_ISA_USAGE = YES_ERROR;
				CLANG_WARN_DOCUMENTATION_COMMENTS = YES;
				CLANG_WARN_EMPTY_BODY = YES;
				CLANG_WARN_ENUM_CONVERSION = YES;
				CLANG_WARN_INFINITE_RECURSION = YES;
				CLANG_WARN_INT_CONVERSION = YES;
				CLANG_WARN_NON_LITERAL_NULL_CONVERSION = YES;
				CLANG_WARN_OBJC_IMPLICIT_RETAIN_SELF = YES;
				CLANG_WARN_OBJC_LITERAL_CONVERSION = YES;
				CLANG_WARN_OBJC_ROOT_CLASS = YES_ERROR;
				CLANG_WARN_QUOTED_INCLUDE_IN_FRAMEWORK_HEADER = YES;
				CLANG_WARN_RANGE_LOOP_ANALYSIS = YES;
				CLANG_WARN_STRICT_PROTOTYPES = YES;
				CLANG_WARN_SUSPICIOUS_MOVE = YES;
				CLANG_WARN_UNGUARDED_AVAILABILITY = YES_AGGRESSIVE;
				CLANG_WARN_UNREACHABLE_CODE = YES;
				CLANG_WARN__DUPLICATE_METHOD_MATCH = YES;
				COPY_PHASE_STRIP = NO;
				DEBUG_INFORMATION_FORMAT = "dwarf-with-dsym";
				ENABLE_NS_ASSERTIONS = NO;
				ENABLE_STRICT_OBJC_MSGSEND = YES;
				ENABLE_USER_SCRIPT_SANDBOXING = YES;
				GCC_C_LANGUAGE_STANDARD = gnu17;
				GCC_NO_COMMON_BLOCKS = YES;
				GCC_WARN_64_TO_32_BIT_CONVERSION = YES;
				GCC_WARN_ABOUT_RETURN_TYPE = YES_ERROR;
				GCC_WARN_UNDECLARED_SELECTOR = YES;
				GCC_WARN_UNINITIALIZED_AUTOS = YES_AGGRESSIVE;
				GCC_WARN_UNUSED_FUNCTION = YES;
				GCC_WARN_UNUSED_VARIABLE = YES;
				IPHONEOS_DEPLOYMENT_TARGET = 16.0;
				LOCALIZATION_PREFERS_STRING_CATALOGS = YES;
				MTL_ENABLE_DEBUG_INFO = NO;
				MTL_FAST_MATH = YES;
				SDKROOT = iphoneos;
				SWIFT_COMPILATION_MODE = wholemodule;
				VALIDATE_PRODUCT = YES;
			};
			name = Release;
		};
		1E40D0DA2ABDC1E000A266FC /* Debug */ = {
			isa = XCBuildConfiguration;
			buildSettings = {
				ASSETCATALOG_COMPILER_APPICON_NAME = AppIcon;
				ASSETCATALOG_COMPILER_GLOBAL_ACCENT_COLOR_NAME = AccentColor;
				BASE_URL = "https://api-adresse.data.gouv.fr/";
				CODE_SIGN_STYLE = Automatic;
				CURRENT_PROJECT_VERSION = 1;
				DEVELOPMENT_ASSET_PATHS = "\"Recherche-d-adresse/Resources/Preview Content\"";
				DEVELOPMENT_TEAM = 554H8ZG4ZT;
				ENABLE_PREVIEWS = YES;
				GENERATE_INFOPLIST_FILE = YES;
				INFOPLIST_FILE = "Recherche-d-adresse/Info.plist";
				INFOPLIST_KEY_UIApplicationSceneManifest_Generation = YES;
				INFOPLIST_KEY_UIApplicationSupportsIndirectInputEvents = YES;
				INFOPLIST_KEY_UILaunchScreen_Generation = YES;
				INFOPLIST_KEY_UISupportedInterfaceOrientations = UIInterfaceOrientationPortrait;
				INFOPLIST_KEY_UISupportedInterfaceOrientations_iPad = "UIInterfaceOrientationLandscapeLeft UIInterfaceOrientationLandscapeRight UIInterfaceOrientationPortrait UIInterfaceOrientationPortraitUpsideDown";
				LD_RUNPATH_SEARCH_PATHS = (
					"$(inherited)",
					"@executable_path/Frameworks",
				);
				MARKETING_VERSION = 1.0;
				PRODUCT_BUNDLE_IDENTIFIER = "borislavborisov.recherche-d-adresse";
				PRODUCT_NAME = "$(TARGET_NAME)";
				SUPPORTED_PLATFORMS = "iphoneos iphonesimulator";
				SUPPORTS_MACCATALYST = NO;
				SUPPORTS_MAC_DESIGNED_FOR_IPHONE_IPAD = NO;
				SWIFT_EMIT_LOC_STRINGS = YES;
				SWIFT_VERSION = 5.0;
				TARGETED_DEVICE_FAMILY = 1;
				TVOS_DEPLOYMENT_TARGET = 16.0;
			};
			name = Debug;
		};
		1E40D0DB2ABDC1E000A266FC /* Release */ = {
			isa = XCBuildConfiguration;
			buildSettings = {
				ASSETCATALOG_COMPILER_APPICON_NAME = AppIcon;
				ASSETCATALOG_COMPILER_GLOBAL_ACCENT_COLOR_NAME = AccentColor;
				BASE_URL = "https://api-adresse.data.gouv.fr/";
				CODE_SIGN_STYLE = Automatic;
				CURRENT_PROJECT_VERSION = 1;
				DEVELOPMENT_ASSET_PATHS = "\"Recherche-d-adresse/Resources/Preview Content\"";
				DEVELOPMENT_TEAM = 554H8ZG4ZT;
				ENABLE_PREVIEWS = YES;
				GENERATE_INFOPLIST_FILE = YES;
				INFOPLIST_FILE = "Recherche-d-adresse/Info.plist";
				INFOPLIST_KEY_UIApplicationSceneManifest_Generation = YES;
				INFOPLIST_KEY_UIApplicationSupportsIndirectInputEvents = YES;
				INFOPLIST_KEY_UILaunchScreen_Generation = YES;
				INFOPLIST_KEY_UISupportedInterfaceOrientations = UIInterfaceOrientationPortrait;
				INFOPLIST_KEY_UISupportedInterfaceOrientations_iPad = "UIInterfaceOrientationLandscapeLeft UIInterfaceOrientationLandscapeRight UIInterfaceOrientationPortrait UIInterfaceOrientationPortraitUpsideDown";
				LD_RUNPATH_SEARCH_PATHS = (
					"$(inherited)",
					"@executable_path/Frameworks",
				);
				MARKETING_VERSION = 1.0;
				PRODUCT_BUNDLE_IDENTIFIER = "borislavborisov.recherche-d-adresse";
				PRODUCT_NAME = "$(TARGET_NAME)";
				SUPPORTED_PLATFORMS = "iphoneos iphonesimulator";
				SUPPORTS_MACCATALYST = NO;
				SUPPORTS_MAC_DESIGNED_FOR_IPHONE_IPAD = NO;
				SWIFT_EMIT_LOC_STRINGS = YES;
				SWIFT_VERSION = 5.0;
				TARGETED_DEVICE_FAMILY = 1;
				TVOS_DEPLOYMENT_TARGET = 16.0;
			};
			name = Release;
		};
/* End XCBuildConfiguration section */

/* Begin XCConfigurationList section */
		1E40D0C62ABDC1DE00A266FC /* Build configuration list for PBXProject "Recherche-d-adresse" */ = {
			isa = XCConfigurationList;
			buildConfigurations = (
				1E40D0D72ABDC1E000A266FC /* Debug */,
				1E40D0D82ABDC1E000A266FC /* Release */,
			);
			defaultConfigurationIsVisible = 0;
			defaultConfigurationName = Release;
		};
		1E40D0D92ABDC1E000A266FC /* Build configuration list for PBXNativeTarget "Recherche-d-adresse" */ = {
			isa = XCConfigurationList;
			buildConfigurations = (
				1E40D0DA2ABDC1E000A266FC /* Debug */,
				1E40D0DB2ABDC1E000A266FC /* Release */,
			);
			defaultConfigurationIsVisible = 0;
			defaultConfigurationName = Release;
		};
/* End XCConfigurationList section */
	};
	rootObject = 1E40D0C32ABDC1DE00A266FC /* Project object */;
}
